
Microsoft Visual Studio Solution File, Format Version 12.00
# Visual Studio Version 16
VisualStudioVersion = 16.0.29324.140
MinimumVisualStudioVersion = 10.0.40219.1
Project("{FAE04EC0-301F-11D3-BF4B-00C04F79EFBC}") = "Basicapp", "Basicapp\Basicapp.csproj", "{AFF53145-7700-4BCC-9567-C987A6AD0EB6}"
EndProject
Project("{FAE04EC0-301F-11D3-BF4B-00C04F79EFBC}") = "BasicfileHandling", "BasicfileHandling\BasicfileHandling.csproj", "{3957260B-6462-4FC1-B31F-D4A2189EA8BD}"
EndProject
Global
	GlobalSection(SolutionConfigurationPlatforms) = preSolution
		Debug|Any CPU = Debug|Any CPU
		Release|Any CPU = Release|Any CPU
	EndGlobalSection
	GlobalSection(ProjectConfigurationPlatforms) = postSolution
		{AFF53145-7700-4BCC-9567-C987A6AD0EB6}.Debug|Any CPU.ActiveCfg = Debug|Any CPU
		{AFF53145-7700-4BCC-9567-C987A6AD0EB6}.Debug|Any CPU.Build.0 = Debug|Any CPU
		{AFF53145-7700-4BCC-9567-C987A6AD0EB6}.Release|Any CPU.ActiveCfg = Release|Any CPU
		{AFF53145-7700-4BCC-9567-C987A6AD0EB6}.Release|Any CPU.Build.0 = Release|Any CPU
		{3957260B-6462-4FC1-B31F-D4A2189EA8BD}.Debug|Any CPU.ActiveCfg = Debug|Any CPU
		{3957260B-6462-4FC1-B31F-D4A2189EA8BD}.Debug|Any CPU.Build.0 = Debug|Any CPU
		{3957260B-6462-4FC1-B31F-D4A2189EA8BD}.Release|Any CPU.ActiveCfg = Release|Any CPU
		{3957260B-6462-4FC1-B31F-D4A2189EA8BD}.Release|Any CPU.Build.0 = Release|Any CPU
	EndGlobalSection
	GlobalSection(SolutionProperties) = preSolution
		HideSolutionNode = FALSE
	EndGlobalSection
	GlobalSection(ExtensibilityGlobals) = postSolution
		SolutionGuid = {F4F931FA-B509-4737-A78F-4B508D7B5F3F}
	EndGlobalSection
EndGlobal
