
Microsoft Visual Studio Solution File, Format Version 12.00
# Visual Studio Version 16
VisualStudioVersion = 16.0.29306.81
MinimumVisualStudioVersion = 10.0.40219.1
Project("{FAE04EC0-301F-11D3-BF4B-00C04F79EFBC}") = "InvoiceManager", "InvoiceManager\InvoiceManager.csproj", "{A5554514-E91A-44F7-BF43-C21C7C79E6CF}"
EndProject
Project("{FAE04EC0-301F-11D3-BF4B-00C04F79EFBC}") = "Geometry", "Geometry\Geometry.csproj", "{86421B4C-97C8-4412-8AD8-3EF9E4801AD1}"
EndProject
Project("{FAE04EC0-301F-11D3-BF4B-00C04F79EFBC}") = "Utilities", "Utilities\Utilities.csproj", "{5E4B66D3-D668-4C91-BA72-328172B6BBC9}"
EndProject
Project("{FAE04EC0-301F-11D3-BF4B-00C04F79EFBC}") = "Test", "Test\Test.csproj", "{F14CBFFD-103F-4BCF-8165-2585A350CAB1}"
EndProject
Global
	GlobalSection(SolutionConfigurationPlatforms) = preSolution
		Debug|Any CPU = Debug|Any CPU
		Release|Any CPU = Release|Any CPU
	EndGlobalSection
	GlobalSection(ProjectConfigurationPlatforms) = postSolution
		{A5554514-E91A-44F7-BF43-C21C7C79E6CF}.Debug|Any CPU.ActiveCfg = Debug|Any CPU
		{A5554514-E91A-44F7-BF43-C21C7C79E6CF}.Debug|Any CPU.Build.0 = Debug|Any CPU
		{A5554514-E91A-44F7-BF43-C21C7C79E6CF}.Release|Any CPU.ActiveCfg = Release|Any CPU
		{A5554514-E91A-44F7-BF43-C21C7C79E6CF}.Release|Any CPU.Build.0 = Release|Any CPU
		{86421B4C-97C8-4412-8AD8-3EF9E4801AD1}.Debug|Any CPU.ActiveCfg = Debug|Any CPU
		{86421B4C-97C8-4412-8AD8-3EF9E4801AD1}.Debug|Any CPU.Build.0 = Debug|Any CPU
		{86421B4C-97C8-4412-8AD8-3EF9E4801AD1}.Release|Any CPU.ActiveCfg = Release|Any CPU
		{86421B4C-97C8-4412-8AD8-3EF9E4801AD1}.Release|Any CPU.Build.0 = Release|Any CPU
		{5E4B66D3-D668-4C91-BA72-328172B6BBC9}.Debug|Any CPU.ActiveCfg = Debug|Any CPU
		{5E4B66D3-D668-4C91-BA72-328172B6BBC9}.Debug|Any CPU.Build.0 = Debug|Any CPU
		{5E4B66D3-D668-4C91-BA72-328172B6BBC9}.Release|Any CPU.ActiveCfg = Release|Any CPU
		{5E4B66D3-D668-4C91-BA72-328172B6BBC9}.Release|Any CPU.Build.0 = Release|Any CPU
		{F14CBFFD-103F-4BCF-8165-2585A350CAB1}.Debug|Any CPU.ActiveCfg = Debug|Any CPU
		{F14CBFFD-103F-4BCF-8165-2585A350CAB1}.Debug|Any CPU.Build.0 = Debug|Any CPU
		{F14CBFFD-103F-4BCF-8165-2585A350CAB1}.Release|Any CPU.ActiveCfg = Release|Any CPU
		{F14CBFFD-103F-4BCF-8165-2585A350CAB1}.Release|Any CPU.Build.0 = Release|Any CPU
	EndGlobalSection
	GlobalSection(SolutionProperties) = preSolution
		HideSolutionNode = FALSE
	EndGlobalSection
	GlobalSection(ExtensibilityGlobals) = postSolution
		SolutionGuid = {558F8E6B-8298-4DAD-9C9C-EA9990DCB91B}
	EndGlobalSection
EndGlobal
